
Microsoft Visual Studio Solution File, Format Version 12.00
# Visual Studio Version 17
VisualStudioVersion = 17.3.32825.248
MinimumVisualStudioVersion = 10.0.40219.1
Project("{9A19103F-16F7-4668-BE54-9A1E7A4F7556}") = "SoccerPlayerApi", "..\PlayerWebApi\SoccerPlayerApi\SoccerPlayerApi\SoccerPlayerApi.csproj", "{A7DF8BEE-4967-480C-977E-1C3BCA99BF1D}"
EndProject
Global
	GlobalSection(SolutionConfigurationPlatforms) = preSolution
		Debug|Any CPU = Debug|Any CPU
		Release|Any CPU = Release|Any CPU
	EndGlobalSection
	GlobalSection(ProjectConfigurationPlatforms) = postSolution
		{A7DF8BEE-4967-480C-977E-1C3BCA99BF1D}.Debug|Any CPU.ActiveCfg = Debug|Any CPU
		{A7DF8BEE-4967-480C-977E-1C3BCA99BF1D}.Debug|Any CPU.Build.0 = Debug|Any CPU
		{A7DF8BEE-4967-480C-977E-1C3BCA99BF1D}.Release|Any CPU.ActiveCfg = Release|Any CPU
		{A7DF8BEE-4967-480C-977E-1C3BCA99BF1D}.Release|Any CPU.Build.0 = Release|Any CPU
	EndGlobalSection
	GlobalSection(SolutionProperties) = preSolution
		HideSolutionNode = FALSE
	EndGlobalSection
	GlobalSection(ExtensibilityGlobals) = postSolution
		SolutionGuid = {2DDD7FFB-1082-4555-BFB6-378818F93CB0}
	EndGlobalSection
EndGlobal
